{
  "name": "backend",
  "lockfileVersion": 3,
  "requires": true,
  "packages": {
    "": {
      "dependencies": {
        "phonenumbers": "^1.0.2"
      }
    },
    "node_modules/phonenumbers": {
      "version": "1.0.2",
      "resolved": "https://registry.npmjs.org/phonenumbers/-/phonenumbers-1.0.2.tgz",
      "integrity": "sha512-I+a1MFSdoEXogIW2RETaEN41299pKZEywkbBryhI03jCMKj7gyDmveBe+MeSgPZTPkxawHMTntuM7NUFrF9y/w==",
      "license": "http://www.opensource.org/licenses/MIT"
    }
  }
}
